
Microsoft Visual Studio Solution File, Format Version 12.00
# Visual Studio Version 17
VisualStudioVersion = 17.4.33122.133
MinimumVisualStudioVersion = 10.0.40219.1
Project("{FAE04EC0-301F-11D3-BF4B-00C04F79EFBC}") = "OOPSDemo", "OOPSDemo\OOPSDemo.csproj", "{8C6509A3-62FB-4D21-8CEB-916CDF31CDC7}"
EndProject
Global
	GlobalSection(SolutionConfigurationPlatforms) = preSolution
		Debug|Any CPU = Debug|Any CPU
		Release|Any CPU = Release|Any CPU
	EndGlobalSection
	GlobalSection(ProjectConfigurationPlatforms) = postSolution
		{8C6509A3-62FB-4D21-8CEB-916CDF31CDC7}.Debug|Any CPU.ActiveCfg = Debug|Any CPU
		{8C6509A3-62FB-4D21-8CEB-916CDF31CDC7}.Debug|Any CPU.Build.0 = Debug|Any CPU
		{8C6509A3-62FB-4D21-8CEB-916CDF31CDC7}.Release|Any CPU.ActiveCfg = Release|Any CPU
		{8C6509A3-62FB-4D21-8CEB-916CDF31CDC7}.Release|Any CPU.Build.0 = Release|Any CPU
	EndGlobalSection
	GlobalSection(SolutionProperties) = preSolution
		HideSolutionNode = FALSE
	EndGlobalSection
	GlobalSection(ExtensibilityGlobals) = postSolution
		SolutionGuid = {88979D0B-BDA9-40D7-ABCB-B63C11DB6090}
	EndGlobalSection
EndGlobal
